
Microsoft Visual Studio Solution File, Format Version 12.00
# Visual Studio Version 16
VisualStudioVersion = 16.0.30114.105
MinimumVisualStudioVersion = 10.0.40219.1
Project("{F2A71F9B-5D33-465A-A702-920D77279786}") = "SafeConfig", "src\SafeConfig.fsproj", "{65FE4EE6-9E2F-405B-B812-F73B74270BE1}"
EndProject
Global
	GlobalSection(SolutionConfigurationPlatforms) = preSolution
		Debug|Any CPU = Debug|Any CPU
		Release|Any CPU = Release|Any CPU
	EndGlobalSection
	GlobalSection(SolutionProperties) = preSolution
		HideSolutionNode = FALSE
	EndGlobalSection
	GlobalSection(ProjectConfigurationPlatforms) = postSolution
		{02755C12-715B-4649-8C0C-39ADAE65C490}.Debug|Any CPU.ActiveCfg = Debug|Any CPU
		{02755C12-715B-4649-8C0C-39ADAE65C490}.Debug|Any CPU.Build.0 = Debug|Any CPU
		{02755C12-715B-4649-8C0C-39ADAE65C490}.Release|Any CPU.ActiveCfg = Release|Any CPU
		{02755C12-715B-4649-8C0C-39ADAE65C490}.Release|Any CPU.Build.0 = Release|Any CPU
		{A0AFF661-2B02-47EB-B380-302D322B7204}.Debug|Any CPU.ActiveCfg = Debug|Any CPU
		{A0AFF661-2B02-47EB-B380-302D322B7204}.Debug|Any CPU.Build.0 = Debug|Any CPU
		{A0AFF661-2B02-47EB-B380-302D322B7204}.Release|Any CPU.ActiveCfg = Release|Any CPU
		{A0AFF661-2B02-47EB-B380-302D322B7204}.Release|Any CPU.Build.0 = Release|Any CPU
		{6EB39B60-4998-41A6-844C-0E6A7353047B}.Debug|Any CPU.ActiveCfg = Debug|Any CPU
		{6EB39B60-4998-41A6-844C-0E6A7353047B}.Debug|Any CPU.Build.0 = Debug|Any CPU
		{6EB39B60-4998-41A6-844C-0E6A7353047B}.Release|Any CPU.ActiveCfg = Release|Any CPU
		{6EB39B60-4998-41A6-844C-0E6A7353047B}.Release|Any CPU.Build.0 = Release|Any CPU
		{65FE4EE6-9E2F-405B-B812-F73B74270BE1}.Debug|Any CPU.ActiveCfg = Debug|Any CPU
		{65FE4EE6-9E2F-405B-B812-F73B74270BE1}.Debug|Any CPU.Build.0 = Debug|Any CPU
		{65FE4EE6-9E2F-405B-B812-F73B74270BE1}.Release|Any CPU.ActiveCfg = Release|Any CPU
		{65FE4EE6-9E2F-405B-B812-F73B74270BE1}.Release|Any CPU.Build.0 = Release|Any CPU
	EndGlobalSection
EndGlobal
